dependencies:
- name: k8s-resources
  repository: https://neuro-inc.github.io/helm-charts
  version: 1.0.1
- name: admission-controller-lib
  repository: https://neuro-inc.github.io/helm-charts
  version: 0.1.11
digest: sha256:83ba9db0d3c391c5e7b341b83878aa710fa0437e2e9986ff88067899e3e74a8b
generated: "2025-07-04T13:42:49.975854+03:00"
