dependencies:
- name: k8s-resources
  repository: https://neuro-inc.github.io/helm-charts
  version: 1.0.1
- name: admission-controller-lib
  repository: https://neuro-inc.github.io/helm-charts
  version: 0.1.7
digest: sha256:7deb78666bb1ae22a6891432a5fed177cb4ff2eecf765c6330ecdbe33441c939
generated: "2025-02-25T18:11:34.278138+08:00"
