dependencies:
- name: k8s-resources
  repository: https://neuro-inc.github.io/helm-charts
  version: 1.0.1
- name: admission-controller-lib
  repository: https://neuro-inc.github.io/helm-charts
  version: 0.1.5
digest: sha256:bb5265451aa8b224b2da4e4810e6f7f48f762d6f4ceb42da2a2e553ef9320493
generated: "2025-02-25T14:09:59.336394+08:00"
